
Microsoft Visual Studio Solution File, Format Version 12.00
# Visual Studio Version 17
VisualStudioVersion = 17.5.002.0
MinimumVisualStudioVersion = 10.0.40219.1
Project("{9A19103F-16F7-4668-BE54-9A1E7A4F7556}") = "StudentApi", "StudentApi.csproj", "{A910BA07-E4BD-402E-9142-72AB43F2E3A2}"
EndProject
Global
	GlobalSection(SolutionConfigurationPlatforms) = preSolution
		Debug|Any CPU = Debug|Any CPU
		Release|Any CPU = Release|Any CPU
	EndGlobalSection
	GlobalSection(ProjectConfigurationPlatforms) = postSolution
		{A910BA07-E4BD-402E-9142-72AB43F2E3A2}.Debug|Any CPU.ActiveCfg = Debug|Any CPU
		{A910BA07-E4BD-402E-9142-72AB43F2E3A2}.Debug|Any CPU.Build.0 = Debug|Any CPU
		{A910BA07-E4BD-402E-9142-72AB43F2E3A2}.Release|Any CPU.ActiveCfg = Release|Any CPU
		{A910BA07-E4BD-402E-9142-72AB43F2E3A2}.Release|Any CPU.Build.0 = Release|Any CPU
	EndGlobalSection
	GlobalSection(SolutionProperties) = preSolution
		HideSolutionNode = FALSE
	EndGlobalSection
	GlobalSection(ExtensibilityGlobals) = postSolution
		SolutionGuid = {AD58FAB3-9170-47CD-891A-2CCF0570352C}
	EndGlobalSection
EndGlobal
